
Microsoft Visual Studio Solution File, Format Version 12.00
# Visual Studio Version 17
VisualStudioVersion = 17.13.35931.197 d17.13
MinimumVisualStudioVersion = 10.0.40219.1
Project("{FAE04EC0-301F-11D3-BF4B-00C04F79EFBC}") = "Backend", "Backend\Backend.csproj", "{3FFCE978-960D-475B-B0AA-61E0EEAFD6A2}"
EndProject
Global
	GlobalSection(SolutionConfigurationPlatforms) = preSolution
		Debug|Any CPU = Debug|Any CPU
		Release|Any CPU = Release|Any CPU
	EndGlobalSection
	GlobalSection(ProjectConfigurationPlatforms) = postSolution
		{3FFCE978-960D-475B-B0AA-61E0EEAFD6A2}.Debug|Any CPU.ActiveCfg = Debug|Any CPU
		{3FFCE978-960D-475B-B0AA-61E0EEAFD6A2}.Debug|Any CPU.Build.0 = Debug|Any CPU
		{3FFCE978-960D-475B-B0AA-61E0EEAFD6A2}.Release|Any CPU.ActiveCfg = Release|Any CPU
		{3FFCE978-960D-475B-B0AA-61E0EEAFD6A2}.Release|Any CPU.Build.0 = Release|Any CPU
	EndGlobalSection
	GlobalSection(SolutionProperties) = preSolution
		HideSolutionNode = FALSE
	EndGlobalSection
	GlobalSection(ExtensibilityGlobals) = postSolution
		SolutionGuid = {0A281218-1B90-4653-995F-BD0C4E81540D}
	EndGlobalSection
EndGlobal
